
Microsoft Visual Studio Solution File, Format Version 12.00
# Visual Studio Version 17
VisualStudioVersion = 17.10.34928.147
MinimumVisualStudioVersion = 10.0.40219.1
Project("{FAE04EC0-301F-11D3-BF4B-00C04F79EFBC}") = "Lab1CMD", "Lab1CMD\Lab1CMD.csproj", "{72BA0FEF-43B4-4873-AE00-3EAEADC47D33}"
EndProject
Project("{FAE04EC0-301F-11D3-BF4B-00C04F79EFBC}") = "Lab1Models", "Lab1Models\Lab1Models.csproj", "{689A7E3F-B927-4A7E-97AF-A07BF6B61844}"
EndProject
Project("{FAE04EC0-301F-11D3-BF4B-00C04F79EFBC}") = "Lab1Wpf", "Lab1Wpf\Lab1Wpf.csproj", "{5662D852-5B2E-4980-BC5B-00640FC6AA4F}"
EndProject
Global
	GlobalSection(SolutionConfigurationPlatforms) = preSolution
		Debug|Any CPU = Debug|Any CPU
		Debug|x64 = Debug|x64
		Release|Any CPU = Release|Any CPU
		Release|x64 = Release|x64
	EndGlobalSection
	GlobalSection(ProjectConfigurationPlatforms) = postSolution
		{72BA0FEF-43B4-4873-AE00-3EAEADC47D33}.Debug|Any CPU.ActiveCfg = Debug|Any CPU
		{72BA0FEF-43B4-4873-AE00-3EAEADC47D33}.Debug|Any CPU.Build.0 = Debug|Any CPU
		{72BA0FEF-43B4-4873-AE00-3EAEADC47D33}.Debug|x64.ActiveCfg = Debug|x64
		{72BA0FEF-43B4-4873-AE00-3EAEADC47D33}.Debug|x64.Build.0 = Debug|x64
		{72BA0FEF-43B4-4873-AE00-3EAEADC47D33}.Release|Any CPU.ActiveCfg = Release|Any CPU
		{72BA0FEF-43B4-4873-AE00-3EAEADC47D33}.Release|Any CPU.Build.0 = Release|Any CPU
		{72BA0FEF-43B4-4873-AE00-3EAEADC47D33}.Release|x64.ActiveCfg = Release|Any CPU
		{72BA0FEF-43B4-4873-AE00-3EAEADC47D33}.Release|x64.Build.0 = Release|Any CPU
		{689A7E3F-B927-4A7E-97AF-A07BF6B61844}.Debug|Any CPU.ActiveCfg = Debug|Any CPU
		{689A7E3F-B927-4A7E-97AF-A07BF6B61844}.Debug|Any CPU.Build.0 = Debug|Any CPU
		{689A7E3F-B927-4A7E-97AF-A07BF6B61844}.Debug|x64.ActiveCfg = Debug|Any CPU
		{689A7E3F-B927-4A7E-97AF-A07BF6B61844}.Debug|x64.Build.0 = Debug|Any CPU
		{689A7E3F-B927-4A7E-97AF-A07BF6B61844}.Release|Any CPU.ActiveCfg = Release|Any CPU
		{689A7E3F-B927-4A7E-97AF-A07BF6B61844}.Release|Any CPU.Build.0 = Release|Any CPU
		{689A7E3F-B927-4A7E-97AF-A07BF6B61844}.Release|x64.ActiveCfg = Release|Any CPU
		{689A7E3F-B927-4A7E-97AF-A07BF6B61844}.Release|x64.Build.0 = Release|Any CPU
		{5662D852-5B2E-4980-BC5B-00640FC6AA4F}.Debug|Any CPU.ActiveCfg = Debug|Any CPU
		{5662D852-5B2E-4980-BC5B-00640FC6AA4F}.Debug|Any CPU.Build.0 = Debug|Any CPU
		{5662D852-5B2E-4980-BC5B-00640FC6AA4F}.Debug|x64.ActiveCfg = Debug|Any CPU
		{5662D852-5B2E-4980-BC5B-00640FC6AA4F}.Debug|x64.Build.0 = Debug|Any CPU
		{5662D852-5B2E-4980-BC5B-00640FC6AA4F}.Release|Any CPU.ActiveCfg = Release|Any CPU
		{5662D852-5B2E-4980-BC5B-00640FC6AA4F}.Release|Any CPU.Build.0 = Release|Any CPU
		{5662D852-5B2E-4980-BC5B-00640FC6AA4F}.Release|x64.ActiveCfg = Release|Any CPU
		{5662D852-5B2E-4980-BC5B-00640FC6AA4F}.Release|x64.Build.0 = Release|Any CPU
	EndGlobalSection
	GlobalSection(SolutionProperties) = preSolution
		HideSolutionNode = FALSE
	EndGlobalSection
	GlobalSection(ExtensibilityGlobals) = postSolution
		SolutionGuid = {9C500113-F033-4C89-864D-BE04AB1DE1B8}
	EndGlobalSection
EndGlobal
