
Microsoft Visual Studio Solution File, Format Version 12.00
# Visual Studio Version 17
VisualStudioVersion = 17.10.34928.147
MinimumVisualStudioVersion = 10.0.40219.1
Project("{FAE04EC0-301F-11D3-BF4B-00C04F79EFBC}") = "Lab2Cmd", "Lab2Cmd\Lab2Cmd.csproj", "{A08A26B5-B0BD-401B-85D4-A3C9F96E91EB}"
EndProject
Project("{FAE04EC0-301F-11D3-BF4B-00C04F79EFBC}") = "Lab2Lib", "Lab2Lib\Lab2Lib.csproj", "{6276AC36-2219-4BA0-B657-772029B0243B}"
EndProject
Project("{FAE04EC0-301F-11D3-BF4B-00C04F79EFBC}") = "Lab2Wpf", "Lab2Wpf\Lab2Wpf.csproj", "{4A7237CA-645D-4C7D-B513-EB36FB719D37}"
EndProject
Global
	GlobalSection(SolutionConfigurationPlatforms) = preSolution
		Debug|Any CPU = Debug|Any CPU
		Release|Any CPU = Release|Any CPU
	EndGlobalSection
	GlobalSection(ProjectConfigurationPlatforms) = postSolution
		{A08A26B5-B0BD-401B-85D4-A3C9F96E91EB}.Debug|Any CPU.ActiveCfg = Debug|Any CPU
		{A08A26B5-B0BD-401B-85D4-A3C9F96E91EB}.Debug|Any CPU.Build.0 = Debug|Any CPU
		{A08A26B5-B0BD-401B-85D4-A3C9F96E91EB}.Release|Any CPU.ActiveCfg = Release|Any CPU
		{A08A26B5-B0BD-401B-85D4-A3C9F96E91EB}.Release|Any CPU.Build.0 = Release|Any CPU
		{6276AC36-2219-4BA0-B657-772029B0243B}.Debug|Any CPU.ActiveCfg = Debug|Any CPU
		{6276AC36-2219-4BA0-B657-772029B0243B}.Debug|Any CPU.Build.0 = Debug|Any CPU
		{6276AC36-2219-4BA0-B657-772029B0243B}.Release|Any CPU.ActiveCfg = Release|Any CPU
		{6276AC36-2219-4BA0-B657-772029B0243B}.Release|Any CPU.Build.0 = Release|Any CPU
		{4A7237CA-645D-4C7D-B513-EB36FB719D37}.Debug|Any CPU.ActiveCfg = Debug|Any CPU
		{4A7237CA-645D-4C7D-B513-EB36FB719D37}.Debug|Any CPU.Build.0 = Debug|Any CPU
		{4A7237CA-645D-4C7D-B513-EB36FB719D37}.Release|Any CPU.ActiveCfg = Release|Any CPU
		{4A7237CA-645D-4C7D-B513-EB36FB719D37}.Release|Any CPU.Build.0 = Release|Any CPU
	EndGlobalSection
	GlobalSection(SolutionProperties) = preSolution
		HideSolutionNode = FALSE
	EndGlobalSection
	GlobalSection(ExtensibilityGlobals) = postSolution
		SolutionGuid = {F6923CC9-097E-4924-A0BA-40D35EE2FD53}
	EndGlobalSection
EndGlobal
